
Microsoft Visual Studio Solution File, Format Version 12.00
# Visual Studio Version 17
VisualStudioVersion = 17.7.34018.315
MinimumVisualStudioVersion = 10.0.40219.1
Project("{FAE04EC0-301F-11D3-BF4B-00C04F79EFBC}") = "Calc", "Calc\Calc.csproj", "{A55511CB-6C15-48B4-9E20-CDF50FC22A17}"
EndProject
Project("{2150E333-8FDC-42A3-9474-1A3956D46DE8}") = "Unit", "Unit", "{B73589D5-BEA2-4C0A-B98E-12468886C46C}"
EndProject
Project("{FAE04EC0-301F-11D3-BF4B-00C04F79EFBC}") = "Calc.Tests", "Calc.Tests\Calc.Tests.csproj", "{A5BE0549-12CE-4709-A45F-851682BE3108}"
EndProject
Global
	GlobalSection(SolutionConfigurationPlatforms) = preSolution
		Debug|Any CPU = Debug|Any CPU
		Release|Any CPU = Release|Any CPU
	EndGlobalSection
	GlobalSection(ProjectConfigurationPlatforms) = postSolution
		{A55511CB-6C15-48B4-9E20-CDF50FC22A17}.Debug|Any CPU.ActiveCfg = Debug|Any CPU
		{A55511CB-6C15-48B4-9E20-CDF50FC22A17}.Debug|Any CPU.Build.0 = Debug|Any CPU
		{A55511CB-6C15-48B4-9E20-CDF50FC22A17}.Release|Any CPU.ActiveCfg = Release|Any CPU
		{A55511CB-6C15-48B4-9E20-CDF50FC22A17}.Release|Any CPU.Build.0 = Release|Any CPU
		{A5BE0549-12CE-4709-A45F-851682BE3108}.Debug|Any CPU.ActiveCfg = Debug|Any CPU
		{A5BE0549-12CE-4709-A45F-851682BE3108}.Debug|Any CPU.Build.0 = Debug|Any CPU
		{A5BE0549-12CE-4709-A45F-851682BE3108}.Release|Any CPU.ActiveCfg = Release|Any CPU
		{A5BE0549-12CE-4709-A45F-851682BE3108}.Release|Any CPU.Build.0 = Release|Any CPU
	EndGlobalSection
	GlobalSection(SolutionProperties) = preSolution
		HideSolutionNode = FALSE
	EndGlobalSection
	GlobalSection(NestedProjects) = preSolution
		{A5BE0549-12CE-4709-A45F-851682BE3108} = {B73589D5-BEA2-4C0A-B98E-12468886C46C}
	EndGlobalSection
	GlobalSection(ExtensibilityGlobals) = postSolution
		SolutionGuid = {167DF2EA-B65F-4196-A462-BCF9A1C6DC6E}
	EndGlobalSection
EndGlobal
